
Microsoft Visual Studio Solution File, Format Version 12.00
# Visual Studio Version 17
VisualStudioVersion = 17.7.34031.279
MinimumVisualStudioVersion = 10.0.40219.1
Project("{FAE04EC0-301F-11D3-BF4B-00C04F79EFBC}") = "PalindromeString", "PalindromeString.csproj", "{18A6E888-CD5B-456F-A949-4F71361E55C3}"
EndProject
Global
	GlobalSection(SolutionConfigurationPlatforms) = preSolution
		Debug|Any CPU = Debug|Any CPU
		Release|Any CPU = Release|Any CPU
	EndGlobalSection
	GlobalSection(ProjectConfigurationPlatforms) = postSolution
		{18A6E888-CD5B-456F-A949-4F71361E55C3}.Debug|Any CPU.ActiveCfg = Debug|Any CPU
		{18A6E888-CD5B-456F-A949-4F71361E55C3}.Debug|Any CPU.Build.0 = Debug|Any CPU
		{18A6E888-CD5B-456F-A949-4F71361E55C3}.Release|Any CPU.ActiveCfg = Release|Any CPU
		{18A6E888-CD5B-456F-A949-4F71361E55C3}.Release|Any CPU.Build.0 = Release|Any CPU
	EndGlobalSection
	GlobalSection(SolutionProperties) = preSolution
		HideSolutionNode = FALSE
	EndGlobalSection
	GlobalSection(ExtensibilityGlobals) = postSolution
		SolutionGuid = {95BE395F-7933-431D-952E-18A687F847E2}
	EndGlobalSection
EndGlobal
